
Microsoft Visual Studio Solution File, Format Version 12.00
# Visual Studio 2013
VisualStudioVersion = 12.0.30501.0
MinimumVisualStudioVersion = 10.0.40219.1
Project("{FAE04EC0-301F-11D3-BF4B-00C04F79EFBC}") = "Varys.API", "Varys.API\Varys.API.csproj", "{EB6D6753-F1A2-4F64-8DC1-05B805E5893C}"
EndProject
Project("{FAE04EC0-301F-11D3-BF4B-00C04F79EFBC}") = "Varys.Elastic", "Varys.Elastic\Varys.Elastic.csproj", "{A5ADA1FE-E720-4355-AF1C-4D80E6A1D75F}"
EndProject
Project("{FAE04EC0-301F-11D3-BF4B-00C04F79EFBC}") = "Varys.Domain", "Varys.Domain\Varys.Domain.csproj", "{EC1A76B8-D5F6-4ADF-8D3B-6E9338ECBE72}"
EndProject
Global
	GlobalSection(SolutionConfigurationPlatforms) = preSolution
		Debug|Any CPU = Debug|Any CPU
		Release|Any CPU = Release|Any CPU
	EndGlobalSection
	GlobalSection(ProjectConfigurationPlatforms) = postSolution
		{EB6D6753-F1A2-4F64-8DC1-05B805E5893C}.Debug|Any CPU.ActiveCfg = Debug|Any CPU
		{EB6D6753-F1A2-4F64-8DC1-05B805E5893C}.Debug|Any CPU.Build.0 = Debug|Any CPU
		{EB6D6753-F1A2-4F64-8DC1-05B805E5893C}.Release|Any CPU.ActiveCfg = Release|Any CPU
		{EB6D6753-F1A2-4F64-8DC1-05B805E5893C}.Release|Any CPU.Build.0 = Release|Any CPU
		{A5ADA1FE-E720-4355-AF1C-4D80E6A1D75F}.Debug|Any CPU.ActiveCfg = Debug|Any CPU
		{A5ADA1FE-E720-4355-AF1C-4D80E6A1D75F}.Debug|Any CPU.Build.0 = Debug|Any CPU
		{A5ADA1FE-E720-4355-AF1C-4D80E6A1D75F}.Release|Any CPU.ActiveCfg = Release|Any CPU
		{A5ADA1FE-E720-4355-AF1C-4D80E6A1D75F}.Release|Any CPU.Build.0 = Release|Any CPU
		{EC1A76B8-D5F6-4ADF-8D3B-6E9338ECBE72}.Debug|Any CPU.ActiveCfg = Debug|Any CPU
		{EC1A76B8-D5F6-4ADF-8D3B-6E9338ECBE72}.Debug|Any CPU.Build.0 = Debug|Any CPU
		{EC1A76B8-D5F6-4ADF-8D3B-6E9338ECBE72}.Release|Any CPU.ActiveCfg = Release|Any CPU
		{EC1A76B8-D5F6-4ADF-8D3B-6E9338ECBE72}.Release|Any CPU.Build.0 = Release|Any CPU
	EndGlobalSection
	GlobalSection(SolutionProperties) = preSolution
		HideSolutionNode = FALSE
	EndGlobalSection
EndGlobal
